// !$*UTF8*$!
{
	archiveVersion = 1;
	classes = {
	};
	objectVersion = 51;
	objects = {

/* Begin PBXBuildFile section */
		1AE1537FF68B4B845FF71689 /* Pods_GitHub.framework in Frameworks */ = {isa = PBXBuildFile; fileRef = 2DF51FEED072984888E419FE /* Pods_GitHub.framework */; };
		6DEEC93A25F286DE00355CB0 /* AppDelegate.swift in Sources */ = {isa = PBXBuildFile; fileRef = 6DEEC93925F286DE00355CB0 /* AppDelegate.swift */; };
		6DEEC94325F286E000355CB0 /* Assets.xcassets in Resources */ = {isa = PBXBuildFile; fileRef = 6DEEC94225F286E000355CB0 /* Assets.xcassets */; };
		6DEEC96C25F2874800355CB0 /* UserRequest.swift in Sources */ = {isa = PBXBuildFile; fileRef = 6DEEC95A25F2874800355CB0 /* UserRequest.swift */; };
		6DEEC96D25F2874800355CB0 /* User.swift in Sources */ = {isa = PBXBuildFile; fileRef = 6DEEC95B25F2874800355CB0 /* User.swift */; };
		6DEEC96E25F2874800355CB0 /* NetworkManager.swift in Sources */ = {isa = PBXBuildFile; fileRef = 6DEEC95D25F2874800355CB0 /* NetworkManager.swift */; };
		6DEEC96F25F2874800355CB0 /* NetworkRequest.swift in Sources */ = {isa = PBXBuildFile; fileRef = 6DEEC95E25F2874800355CB0 /* NetworkRequest.swift */; };
		6DEEC97025F2874800355CB0 /* NetworkError.swift in Sources */ = {isa = PBXBuildFile; fileRef = 6DEEC95F25F2874800355CB0 /* NetworkError.swift */; };
		6DEEC97125F2874800355CB0 /* UserService.swift in Sources */ = {isa = PBXBuildFile; fileRef = 6DEEC96125F2874800355CB0 /* UserService.swift */; };
		6DEEC97225F2874800355CB0 /* LaunchScreen.storyboard in Resources */ = {isa = PBXBuildFile; fileRef = 6DEEC96325F2874800355CB0 /* LaunchScreen.storyboard */; };
		6DEEC97325F2874800355CB0 /* UsersViewController.swift in Sources */ = {isa = PBXBuildFile; fileRef = 6DEEC96725F2874800355CB0 /* UsersViewController.swift */; };
		6DEEC97425F2874800355CB0 /* UsersViewModel.swift in Sources */ = {isa = PBXBuildFile; fileRef = 6DEEC96825F2874800355CB0 /* UsersViewModel.swift */; };
		6DEEC97525F2874800355CB0 /* AppCoordinator.swift in Sources */ = {isa = PBXBuildFile; fileRef = 6DEEC96925F2874800355CB0 /* AppCoordinator.swift */; };
		6DEEC97625F2874800355CB0 /* Main.storyboard in Resources */ = {isa = PBXBuildFile; fileRef = 6DEEC96A25F2874800355CB0 /* Main.storyboard */; };
		6DEEC98525F2892E00355CB0 /* R.generated.swift in Sources */ = {isa = PBXBuildFile; fileRef = 6DEEC98425F2892E00355CB0 /* R.generated.swift */; };
		6DEEC98925F29AE400355CB0 /* UsersRequest.swift in Sources */ = {isa = PBXBuildFile; fileRef = 6DEEC98825F29AE400355CB0 /* UsersRequest.swift */; };
		6DEEC98C25F29D4300355CB0 /* UserViewModel.swift in Sources */ = {isa = PBXBuildFile; fileRef = 6DEEC98B25F29D4300355CB0 /* UserViewModel.swift */; };
		6DEEC99B25F2B54C00355CB0 /* UserDetailsViewController.swift in Sources */ = {isa = PBXBuildFile; fileRef = 6DEEC99A25F2B54C00355CB0 /* UserDetailsViewController.swift */; };
		6DEEC99F25F2B55300355CB0 /* UserDetailsViewModel.swift in Sources */ = {isa = PBXBuildFile; fileRef = 6DEEC99E25F2B55300355CB0 /* UserDetailsViewModel.swift */; };
		6DEEC9A225F2CC8A00355CB0 /* AppManager.swift in Sources */ = {isa = PBXBuildFile; fileRef = 6DEEC9A125F2CC8A00355CB0 /* AppManager.swift */; };
		6DEEC9B025F3900600355CB0 /* Coordinator.swift in Sources */ = {isa = PBXBuildFile; fileRef = 6DEEC9AF25F3900600355CB0 /* Coordinator.swift */; };
		6DEEC9C625F3ACE800355CB0 /* FakeNetworkManager.swift in Sources */ = {isa = PBXBuildFile; fileRef = 6DEEC9C525F3ACE800355CB0 /* FakeNetworkManager.swift */; };
		6DEEC9D625F3AF5200355CB0 /* UserServiceTests.swift in Sources */ = {isa = PBXBuildFile; fileRef = 6DEEC9D525F3AF5200355CB0 /* UserServiceTests.swift */; };
		EAF680AC98DDFFA1AAA56B7A /* Pods_GitHubTests.framework in Frameworks */ = {isa = PBXBuildFile; fileRef = 20B0E53820CB8EBB751AD019 /* Pods_GitHubTests.framework */; };
/* End PBXBuildFile section */

/* Begin PBXContainerItemProxy section */
		6DEEC9BC25F3AC9D00355CB0 /* PBXContainerItemProxy */ = {
			isa = PBXContainerItemProxy;
			containerPortal = 6DEEC92E25F286DE00355CB0 /* Project object */;
			proxyType = 1;
			remoteGlobalIDString = 6DEEC93525F286DE00355CB0;
			remoteInfo = GitHub;
		};
/* End PBXContainerItemProxy section */

/* Begin PBXFileReference section */
		161ED89D415B29F31ADA6CA7 /* Pods-GitHub.debug.xcconfig */ = {isa = PBXFileReference; includeInIndex = 1; lastKnownFileType = text.xcconfig; name = "Pods-GitHub.debug.xcconfig"; path = "Target Support Files/Pods-GitHub/Pods-GitHub.debug.xcconfig"; sourceTree = "<group>"; };
		20B0E53820CB8EBB751AD019 /* Pods_GitHubTests.framework */ = {isa = PBXFileReference; explicitFileType = wrapper.framework; includeInIndex = 0; path = Pods_GitHubTests.framework; sourceTree = BUILT_PRODUCTS_DIR; };
		2DF51FEED072984888E419FE /* Pods_GitHub.framework */ = {isa = PBXFileReference; explicitFileType = wrapper.framework; includeInIndex = 0; path = Pods_GitHub.framework; sourceTree = BUILT_PRODUCTS_DIR; };
		6DEEC93625F286DE00355CB0 /* GitHub.app */ = {isa = PBXFileReference; explicitFileType = wrapper.application; includeInIndex = 0; path = GitHub.app; sourceTree = BUILT_PRODUCTS_DIR; };
		6DEEC93925F286DE00355CB0 /* AppDelegate.swift */ = {isa = PBXFileReference; lastKnownFileType = sourcecode.swift; path = AppDelegate.swift; sourceTree = "<group>"; };
		6DEEC94225F286E000355CB0 /* Assets.xcassets */ = {isa = PBXFileReference; lastKnownFileType = folder.assetcatalog; path = Assets.xcassets; sourceTree = "<group>"; };
		6DEEC94725F286E000355CB0 /* Info.plist */ = {isa = PBXFileReference; lastKnownFileType = text.plist.xml; path = Info.plist; sourceTree = "<group>"; };
		6DEEC95A25F2874800355CB0 /* UserRequest.swift */ = {isa = PBXFileReference; fileEncoding = 4; lastKnownFileType = sourcecode.swift; path = UserRequest.swift; sourceTree = "<group>"; };
		6DEEC95B25F2874800355CB0 /* User.swift */ = {isa = PBXFileReference; fileEncoding = 4; lastKnownFileType = sourcecode.swift; path = User.swift; sourceTree = "<group>"; };
		6DEEC95D25F2874800355CB0 /* NetworkManager.swift */ = {isa = PBXFileReference; fileEncoding = 4; lastKnownFileType = sourcecode.swift; path = NetworkManager.swift; sourceTree = "<group>"; };
		6DEEC95E25F2874800355CB0 /* NetworkRequest.swift */ = {isa = PBXFileReference; fileEncoding = 4; lastKnownFileType = sourcecode.swift; path = NetworkRequest.swift; sourceTree = "<group>"; };
		6DEEC95F25F2874800355CB0 /* NetworkError.swift */ = {isa = PBXFileReference; fileEncoding = 4; lastKnownFileType = sourcecode.swift; path = NetworkError.swift; sourceTree = "<group>"; };
		6DEEC96125F2874800355CB0 /* UserService.swift */ = {isa = PBXFileReference; fileEncoding = 4; lastKnownFileType = sourcecode.swift; path = UserService.swift; sourceTree = "<group>"; };
		6DEEC96425F2874800355CB0 /* Base */ = {isa = PBXFileReference; lastKnownFileType = file.storyboard; name = Base; path = Base.lproj/LaunchScreen.storyboard; sourceTree = "<group>"; };
		6DEEC96725F2874800355CB0 /* UsersViewController.swift */ = {isa = PBXFileReference; fileEncoding = 4; lastKnownFileType = sourcecode.swift; path = UsersViewController.swift; sourceTree = "<group>"; };
		6DEEC96825F2874800355CB0 /* UsersViewModel.swift */ = {isa = PBXFileReference; fileEncoding = 4; lastKnownFileType = sourcecode.swift; path = UsersViewModel.swift; sourceTree = "<group>"; };
		6DEEC96925F2874800355CB0 /* AppCoordinator.swift */ = {isa = PBXFileReference; fileEncoding = 4; lastKnownFileType = sourcecode.swift; path = AppCoordinator.swift; sourceTree = "<group>"; };
		6DEEC96B25F2874800355CB0 /* Base */ = {isa = PBXFileReference; lastKnownFileType = file.storyboard; name = Base; path = Base.lproj/Main.storyboard; sourceTree = "<group>"; };
		6DEEC98425F2892E00355CB0 /* R.generated.swift */ = {isa = PBXFileReference; fileEncoding = 4; lastKnownFileType = sourcecode.swift; path = R.generated.swift; sourceTree = SOURCE_ROOT; };
		6DEEC98825F29AE400355CB0 /* UsersRequest.swift */ = {isa = PBXFileReference; lastKnownFileType = sourcecode.swift; path = UsersRequest.swift; sourceTree = "<group>"; };
		6DEEC98B25F29D4300355CB0 /* UserViewModel.swift */ = {isa = PBXFileReference; lastKnownFileType = sourcecode.swift; path = UserViewModel.swift; sourceTree = "<group>"; };
		6DEEC99A25F2B54C00355CB0 /* UserDetailsViewController.swift */ = {isa = PBXFileReference; lastKnownFileType = sourcecode.swift; path = UserDetailsViewController.swift; sourceTree = "<group>"; };
		6DEEC99E25F2B55300355CB0 /* UserDetailsViewModel.swift */ = {isa = PBXFileReference; lastKnownFileType = sourcecode.swift; path = UserDetailsViewModel.swift; sourceTree = "<group>"; };
		6DEEC9A125F2CC8A00355CB0 /* AppManager.swift */ = {isa = PBXFileReference; lastKnownFileType = sourcecode.swift; path = AppManager.swift; sourceTree = "<group>"; };
		6DEEC9AF25F3900600355CB0 /* Coordinator.swift */ = {isa = PBXFileReference; lastKnownFileType = sourcecode.swift; path = Coordinator.swift; sourceTree = "<group>"; };
		6DEEC9B725F3AC9D00355CB0 /* GitHubTests.xctest */ = {isa = PBXFileReference; explicitFileType = wrapper.cfbundle; includeInIndex = 0; path = GitHubTests.xctest; sourceTree = BUILT_PRODUCTS_DIR; };
		6DEEC9BB25F3AC9D00355CB0 /* Info.plist */ = {isa = PBXFileReference; lastKnownFileType = text.plist.xml; path = Info.plist; sourceTree = "<group>"; };
		6DEEC9C525F3ACE800355CB0 /* FakeNetworkManager.swift */ = {isa = PBXFileReference; lastKnownFileType = sourcecode.swift; path = FakeNetworkManager.swift; sourceTree = "<group>"; };
		6DEEC9D525F3AF5200355CB0 /* UserServiceTests.swift */ = {isa = PBXFileReference; lastKnownFileType = sourcecode.swift; path = UserServiceTests.swift; sourceTree = "<group>"; };
		7742F0ED1FD6BB5AB85F6271 /* Pods-GitHub.release.xcconfig */ = {isa = PBXFileReference; includeInIndex = 1; lastKnownFileType = text.xcconfig; name = "Pods-GitHub.release.xcconfig"; path = "Target Support Files/Pods-GitHub/Pods-GitHub.release.xcconfig"; sourceTree = "<group>"; };
		77C29934F395D35375EFDDC6 /* Pods-GitHubTests.debug.xcconfig */ = {isa = PBXFileReference; includeInIndex = 1; lastKnownFileType = text.xcconfig; name = "Pods-GitHubTests.debug.xcconfig"; path = "Target Support Files/Pods-GitHubTests/Pods-GitHubTests.debug.xcconfig"; sourceTree = "<group>"; };
		B9598AA43638479BD2927929 /* Pods-GitHubTests.release.xcconfig */ = {isa = PBXFileReference; includeInIndex = 1; lastKnownFileType = text.xcconfig; name = "Pods-GitHubTests.release.xcconfig"; path = "Target Support Files/Pods-GitHubTests/Pods-GitHubTests.release.xcconfig"; sourceTree = "<group>"; };
/* End PBXFileReference section */

/* Begin PBXFrameworksBuildPhase section */
		6DEEC93325F286DE00355CB0 /* Frameworks */ = {
			isa = PBXFrameworksBuildPhase;
			buildActionMask = 2147483647;
			files = (
				1AE1537FF68B4B845FF71689 /* Pods_GitHub.framework in Frameworks */,
			);
			runOnlyForDeploymentPostprocessing = 0;
		};
		6DEEC9B425F3AC9D00355CB0 /* Frameworks */ = {
			isa = PBXFrameworksBuildPhase;
			buildActionMask = 2147483647;
			files = (
				EAF680AC98DDFFA1AAA56B7A /* Pods_GitHubTests.framework in Frameworks */,
			);
			runOnlyForDeploymentPostprocessing = 0;
		};
/* End PBXFrameworksBuildPhase section */

/* Begin PBXGroup section */
		6DEEC92D25F286DE00355CB0 = {
			isa = PBXGroup;
			children = (
				6DEEC93825F286DE00355CB0 /* GitHub */,
				6DEEC9B825F3AC9D00355CB0 /* GitHubTests */,
				6DEEC93725F286DE00355CB0 /* Products */,
				903F438FCD85DB5EEAF17502 /* Pods */,
				D59297AE4C9B0736FC182706 /* Frameworks */,
			);
			sourceTree = "<group>";
		};
		6DEEC93725F286DE00355CB0 /* Products */ = {
			isa = PBXGroup;
			children = (
				6DEEC93625F286DE00355CB0 /* GitHub.app */,
				6DEEC9B725F3AC9D00355CB0 /* GitHubTests.xctest */,
			);
			name = Products;
			sourceTree = "<group>";
		};
		6DEEC93825F286DE00355CB0 /* GitHub */ = {
			isa = PBXGroup;
			children = (
				6DEEC95825F2874800355CB0 /* Domain */,
				6DEEC96225F2874800355CB0 /* Resources */,
				6DEEC96525F2874800355CB0 /* UI */,
				6DEEC94725F286E000355CB0 /* Info.plist */,
				6DEEC93925F286DE00355CB0 /* AppDelegate.swift */,
				6DEEC9A125F2CC8A00355CB0 /* AppManager.swift */,
			);
			path = GitHub;
			sourceTree = "<group>";
		};
		6DEEC95825F2874800355CB0 /* Domain */ = {
			isa = PBXGroup;
			children = (
				6DEEC95925F2874800355CB0 /* Model */,
				6DEEC95C25F2874800355CB0 /* API */,
				6DEEC96025F2874800355CB0 /* Services */,
			);
			path = Domain;
			sourceTree = "<group>";
		};
		6DEEC95925F2874800355CB0 /* Model */ = {
			isa = PBXGroup;
			children = (
				6DEEC95A25F2874800355CB0 /* UserRequest.swift */,
				6DEEC95B25F2874800355CB0 /* User.swift */,
				6DEEC98825F29AE400355CB0 /* UsersRequest.swift */,
			);
			path = Model;
			sourceTree = "<group>";
		};
		6DEEC95C25F2874800355CB0 /* API */ = {
			isa = PBXGroup;
			children = (
				6DEEC95D25F2874800355CB0 /* NetworkManager.swift */,
				6DEEC95E25F2874800355CB0 /* NetworkRequest.swift */,
				6DEEC95F25F2874800355CB0 /* NetworkError.swift */,
			);
			path = API;
			sourceTree = "<group>";
		};
		6DEEC96025F2874800355CB0 /* Services */ = {
			isa = PBXGroup;
			children = (
				6DEEC96125F2874800355CB0 /* UserService.swift */,
			);
			path = Services;
			sourceTree = "<group>";
		};
		6DEEC96225F2874800355CB0 /* Resources */ = {
			isa = PBXGroup;
			children = (
				6DEEC98425F2892E00355CB0 /* R.generated.swift */,
				6DEEC94225F286E000355CB0 /* Assets.xcassets */,
				6DEEC96325F2874800355CB0 /* LaunchScreen.storyboard */,
			);
			path = Resources;
			sourceTree = "<group>";
		};
		6DEEC96525F2874800355CB0 /* UI */ = {
			isa = PBXGroup;
			children = (
				6DEEC96625F2874800355CB0 /* GitHub */,
				6DEEC96A25F2874800355CB0 /* Main.storyboard */,
				6DEEC9AF25F3900600355CB0 /* Coordinator.swift */,
			);
			path = UI;
			sourceTree = "<group>";
		};
		6DEEC96625F2874800355CB0 /* GitHub */ = {
			isa = PBXGroup;
			children = (
				6DEEC96925F2874800355CB0 /* AppCoordinator.swift */,
				6DEEC99925F2B53B00355CB0 /* Users */,
				6DEEC99825F2B53500355CB0 /* Details */,
			);
			path = GitHub;
			sourceTree = "<group>";
		};
		6DEEC99825F2B53500355CB0 /* Details */ = {
			isa = PBXGroup;
			children = (
				6DEEC99A25F2B54C00355CB0 /* UserDetailsViewController.swift */,
				6DEEC99E25F2B55300355CB0 /* UserDetailsViewModel.swift */,
			);
			path = Details;
			sourceTree = "<group>";
		};
		6DEEC99925F2B53B00355CB0 /* Users */ = {
			isa = PBXGroup;
			children = (
				6DEEC96725F2874800355CB0 /* UsersViewController.swift */,
				6DEEC96825F2874800355CB0 /* UsersViewModel.swift */,
				6DEEC98B25F29D4300355CB0 /* UserViewModel.swift */,
			);
			path = Users;
			sourceTree = "<group>";
		};
		6DEEC9B825F3AC9D00355CB0 /* GitHubTests */ = {
			isa = PBXGroup;
			children = (
				6DEEC9C425F3ACE000355CB0 /* Fakes */,
				6DEEC9C325F3ACDB00355CB0 /* Services */,
				6DEEC9BB25F3AC9D00355CB0 /* Info.plist */,
			);
			path = GitHubTests;
			sourceTree = "<group>";
		};
		6DEEC9C325F3ACDB00355CB0 /* Services */ = {
			isa = PBXGroup;
			children = (
				6DEEC9D525F3AF5200355CB0 /* UserServiceTests.swift */,
			);
			path = Services;
			sourceTree = "<group>";
		};
		6DEEC9C425F3ACE000355CB0 /* Fakes */ = {
			isa = PBXGroup;
			children = (
				6DEEC9C525F3ACE800355CB0 /* FakeNetworkManager.swift */,
			);
			path = Fakes;
			sourceTree = "<group>";
		};
		903F438FCD85DB5EEAF17502 /* Pods */ = {
			isa = PBXGroup;
			children = (
				161ED89D415B29F31ADA6CA7 /* Pods-GitHub.debug.xcconfig */,
				7742F0ED1FD6BB5AB85F6271 /* Pods-GitHub.release.xcconfig */,
				77C29934F395D35375EFDDC6 /* Pods-GitHubTests.debug.xcconfig */,
				B9598AA43638479BD2927929 /* Pods-GitHubTests.release.xcconfig */,
			);
			path = Pods;
			sourceTree = "<group>";
		};
		D59297AE4C9B0736FC182706 /* Frameworks */ = {
			isa = PBXGroup;
			children = (
				2DF51FEED072984888E419FE /* Pods_GitHub.framework */,
				20B0E53820CB8EBB751AD019 /* Pods_GitHubTests.framework */,
			);
			name = Frameworks;
			sourceTree = "<group>";
		};
/* End PBXGroup section */

/* Begin PBXNativeTarget section */
		6DEEC93525F286DE00355CB0 /* GitHub */ = {
			isa = PBXNativeTarget;
			buildConfigurationList = 6DEEC94A25F286E000355CB0 /* Build configuration list for PBXNativeTarget "GitHub" */;
			buildPhases = (
				DA5A23F7153221F6C4086531 /* [CP] Check Pods Manifest.lock */,
				6DEEC98225F288EB00355CB0 /* Run Script - R.swift */,
				6DEEC93225F286DE00355CB0 /* Sources */,
				6DEEC93325F286DE00355CB0 /* Frameworks */,
				6DEEC93425F286DE00355CB0 /* Resources */,
				C4643ACCD434D9BAF7A44225 /* [CP] Embed Pods Frameworks */,
				6DEEC99625F2B38600355CB0 /* Run Script - SwiftLint */,
			);
			buildRules = (
			);
			dependencies = (
			);
			name = GitHub;
			productName = GitHub;
			productReference = 6DEEC93625F286DE00355CB0 /* GitHub.app */;
			productType = "com.apple.product-type.application";
		};
		6DEEC9B625F3AC9D00355CB0 /* GitHubTests */ = {
			isa = PBXNativeTarget;
			buildConfigurationList = 6DEEC9BE25F3AC9E00355CB0 /* Build configuration list for PBXNativeTarget "GitHubTests" */;
			buildPhases = (
				D580C37CF6A843BA3176B4E5 /* [CP] Check Pods Manifest.lock */,
				6DEEC9B325F3AC9D00355CB0 /* Sources */,
				6DEEC9B425F3AC9D00355CB0 /* Frameworks */,
				6DEEC9B525F3AC9D00355CB0 /* Resources */,
				23F6F324C57A17BF16DFCE4A /* [CP] Embed Pods Frameworks */,
			);
			buildRules = (
			);
			dependencies = (
				6DEEC9BD25F3AC9D00355CB0 /* PBXTargetDependency */,
			);
			name = GitHubTests;
			productName = GitHubTests;
			productReference = 6DEEC9B725F3AC9D00355CB0 /* GitHubTests.xctest */;
			productType = "com.apple.product-type.bundle.unit-test";
		};
/* End PBXNativeTarget section */

/* Begin PBXProject section */
		6DEEC92E25F286DE00355CB0 /* Project object */ = {
			isa = PBXProject;
			attributes = {
				LastSwiftUpdateCheck = 1240;
				LastUpgradeCheck = 1240;
				TargetAttributes = {
					6DEEC93525F286DE00355CB0 = {
						CreatedOnToolsVersion = 12.4;
					};
					6DEEC9B625F3AC9D00355CB0 = {
						CreatedOnToolsVersion = 12.4;
						TestTargetID = 6DEEC93525F286DE00355CB0;
					};
				};
			};
			buildConfigurationList = 6DEEC93125F286DE00355CB0 /* Build configuration list for PBXProject "GitHub" */;
			compatibilityVersion = "Xcode 9.3";
			developmentRegion = en;
			hasScannedForEncodings = 0;
			knownRegions = (
				en,
				Base,
			);
			mainGroup = 6DEEC92D25F286DE00355CB0;
			productRefGroup = 6DEEC93725F286DE00355CB0 /* Products */;
			projectDirPath = "";
			projectRoot = "";
			targets = (
				6DEEC93525F286DE00355CB0 /* GitHub */,
				6DEEC9B625F3AC9D00355CB0 /* GitHubTests */,
			);
		};
/* End PBXProject section */

/* Begin PBXResourcesBuildPhase section */
		6DEEC93425F286DE00355CB0 /* Resources */ = {
			isa = PBXResourcesBuildPhase;
			buildActionMask = 2147483647;
			files = (
				6DEEC97625F2874800355CB0 /* Main.storyboard in Resources */,
				6DEEC97225F2874800355CB0 /* LaunchScreen.storyboard in Resources */,
				6DEEC94325F286E000355CB0 /* Assets.xcassets in Resources */,
			);
			runOnlyForDeploymentPostprocessing = 0;
		};
		6DEEC9B525F3AC9D00355CB0 /* Resources */ = {
			isa = PBXResourcesBuildPhase;
			buildActionMask = 2147483647;
			files = (
			);
			runOnlyForDeploymentPostprocessing = 0;
		};
/* End PBXResourcesBuildPhase section */

/* Begin PBXShellScriptBuildPhase section */
		23F6F324C57A17BF16DFCE4A /* [CP] Embed Pods Frameworks */ = {
			isa = PBXShellScriptBuildPhase;
			buildActionMask = 2147483647;
			files = (
			);
			inputFileListPaths = (
				"${PODS_ROOT}/Target Support Files/Pods-GitHubTests/Pods-GitHubTests-frameworks-${CONFIGURATION}-input-files.xcfilelist",
			);
			name = "[CP] Embed Pods Frameworks";
			outputFileListPaths = (
				"${PODS_ROOT}/Target Support Files/Pods-GitHubTests/Pods-GitHubTests-frameworks-${CONFIGURATION}-output-files.xcfilelist",
			);
			runOnlyForDeploymentPostprocessing = 0;
			shellPath = /bin/sh;
			shellScript = "\"${PODS_ROOT}/Target Support Files/Pods-GitHubTests/Pods-GitHubTests-frameworks.sh\"\n";
			showEnvVarsInLog = 0;
		};
		6DEEC98225F288EB00355CB0 /* Run Script - R.swift */ = {
			isa = PBXShellScriptBuildPhase;
			buildActionMask = 2147483647;
			files = (
			);
			inputFileListPaths = (
			);
			inputPaths = (
				"$TEMP_DIR/rswift-lastrun",
			);
			name = "Run Script - R.swift";
			outputFileListPaths = (
			);
			outputPaths = (
				$SRCROOT/R.generated.swift,
			);
			runOnlyForDeploymentPostprocessing = 0;
			shellPath = /bin/sh;
			shellScript = "\"$PODS_ROOT/R.swift/rswift\" generate \"$SRCROOT/R.generated.swift\"\n";
		};
		6DEEC99625F2B38600355CB0 /* Run Script - SwiftLint */ = {
			isa = PBXShellScriptBuildPhase;
			buildActionMask = 2147483647;
			files = (
			);
			inputFileListPaths = (
			);
			inputPaths = (
			);
			name = "Run Script - SwiftLint";
			outputFileListPaths = (
			);
			outputPaths = (
			);
			runOnlyForDeploymentPostprocessing = 0;
			shellPath = /bin/sh;
			shellScript = "\"${PODS_ROOT}/SwiftLint/swiftlint\"\n";
		};
		C4643ACCD434D9BAF7A44225 /* [CP] Embed Pods Frameworks */ = {
			isa = PBXShellScriptBuildPhase;
			buildActionMask = 2147483647;
			files = (
			);
			inputFileListPaths = (
				"${PODS_ROOT}/Target Support Files/Pods-GitHub/Pods-GitHub-frameworks-${CONFIGURATION}-input-files.xcfilelist",
			);
			name = "[CP] Embed Pods Frameworks";
			outputFileListPaths = (
				"${PODS_ROOT}/Target Support Files/Pods-GitHub/Pods-GitHub-frameworks-${CONFIGURATION}-output-files.xcfilelist",
			);
			runOnlyForDeploymentPostprocessing = 0;
			shellPath = /bin/sh;
			shellScript = "\"${PODS_ROOT}/Target Support Files/Pods-GitHub/Pods-GitHub-frameworks.sh\"\n";
			showEnvVarsInLog = 0;
		};
		D580C37CF6A843BA3176B4E5 /* [CP] Check Pods Manifest.lock */ = {
			isa = PBXShellScriptBuildPhase;
			buildActionMask = 2147483647;
			files = (
			);
			inputFileListPaths = (
			);
			inputPaths = (
				"${PODS_PODFILE_DIR_PATH}/Podfile.lock",
				"${PODS_ROOT}/Manifest.lock",
			);
			name = "[CP] Check Pods Manifest.lock";
			outputFileListPaths = (
			);
			outputPaths = (
				"$(DERIVED_FILE_DIR)/Pods-GitHubTests-checkManifestLockResult.txt",
			);
			runOnlyForDeploymentPostprocessing = 0;
			shellPath = /bin/sh;
			shellScript = "diff \"${PODS_PODFILE_DIR_PATH}/Podfile.lock\" \"${PODS_ROOT}/Manifest.lock\" > /dev/null\nif [ $? != 0 ] ; then\n    # print error to STDERR\n    echo \"error: The sandbox is not in sync with the Podfile.lock. Run 'pod install' or update your CocoaPods installation.\" >&2\n    exit 1\nfi\n# This output is used by Xcode 'outputs' to avoid re-running this script phase.\necho \"SUCCESS\" > \"${SCRIPT_OUTPUT_FILE_0}\"\n";
			showEnvVarsInLog = 0;
		};
		DA5A23F7153221F6C4086531 /* [CP] Check Pods Manifest.lock */ = {
			isa = PBXShellScriptBuildPhase;
			buildActionMask = 2147483647;
			files = (
			);
			inputFileListPaths = (
			);
			inputPaths = (
				"${PODS_PODFILE_DIR_PATH}/Podfile.lock",
				"${PODS_ROOT}/Manifest.lock",
			);
			name = "[CP] Check Pods Manifest.lock";
			outputFileListPaths = (
			);
			outputPaths = (
				"$(DERIVED_FILE_DIR)/Pods-GitHub-checkManifestLockResult.txt",
			);
			runOnlyForDeploymentPostprocessing = 0;
			shellPath = /bin/sh;
			shellScript = "diff \"${PODS_PODFILE_DIR_PATH}/Podfile.lock\" \"${PODS_ROOT}/Manifest.lock\" > /dev/null\nif [ $? != 0 ] ; then\n    # print error to STDERR\n    echo \"error: The sandbox is not in sync with the Podfile.lock. Run 'pod install' or update your CocoaPods installation.\" >&2\n    exit 1\nfi\n# This output is used by Xcode 'outputs' to avoid re-running this script phase.\necho \"SUCCESS\" > \"${SCRIPT_OUTPUT_FILE_0}\"\n";
			showEnvVarsInLog = 0;
		};
/* End PBXShellScriptBuildPhase section */

/* Begin PBXSourcesBuildPhase section */
		6DEEC93225F286DE00355CB0 /* Sources */ = {
			isa = PBXSourcesBuildPhase;
			buildActionMask = 2147483647;
			files = (
				6DEEC97525F2874800355CB0 /* AppCoordinator.swift in Sources */,
				6DEEC97425F2874800355CB0 /* UsersViewModel.swift in Sources */,
				6DEEC96F25F2874800355CB0 /* NetworkRequest.swift in Sources */,
				6DEEC97025F2874800355CB0 /* NetworkError.swift in Sources */,
				6DEEC96E25F2874800355CB0 /* NetworkManager.swift in Sources */,
				6DEEC99B25F2B54C00355CB0 /* UserDetailsViewController.swift in Sources */,
				6DEEC99F25F2B55300355CB0 /* UserDetailsViewModel.swift in Sources */,
				6DEEC98C25F29D4300355CB0 /* UserViewModel.swift in Sources */,
				6DEEC97325F2874800355CB0 /* UsersViewController.swift in Sources */,
				6DEEC96D25F2874800355CB0 /* User.swift in Sources */,
				6DEEC9B025F3900600355CB0 /* Coordinator.swift in Sources */,
				6DEEC97125F2874800355CB0 /* UserService.swift in Sources */,
				6DEEC9A225F2CC8A00355CB0 /* AppManager.swift in Sources */,
				6DEEC96C25F2874800355CB0 /* UserRequest.swift in Sources */,
				6DEEC93A25F286DE00355CB0 /* AppDelegate.swift in Sources */,
				6DEEC98525F2892E00355CB0 /* R.generated.swift in Sources */,
				6DEEC98925F29AE400355CB0 /* UsersRequest.swift in Sources */,
			);
			runOnlyForDeploymentPostprocessing = 0;
		};
		6DEEC9B325F3AC9D00355CB0 /* Sources */ = {
			isa = PBXSourcesBuildPhase;
			buildActionMask = 2147483647;
			files = (
				6DEEC9C625F3ACE800355CB0 /* FakeNetworkManager.swift in Sources */,
				6DEEC9D625F3AF5200355CB0 /* UserServiceTests.swift in Sources */,
			);
			runOnlyForDeploymentPostprocessing = 0;
		};
/* End PBXSourcesBuildPhase section */

/* Begin PBXTargetDependency section */
		6DEEC9BD25F3AC9D00355CB0 /* PBXTargetDependency */ = {
			isa = PBXTargetDependency;
			target = 6DEEC93525F286DE00355CB0 /* GitHub */;
			targetProxy = 6DEEC9BC25F3AC9D00355CB0 /* PBXContainerItemProxy */;
		};
/* End PBXTargetDependency section */

/* Begin PBXVariantGroup section */
		6DEEC96325F2874800355CB0 /* LaunchScreen.storyboard */ = {
			isa = PBXVariantGroup;
			children = (
				6DEEC96425F2874800355CB0 /* Base */,
			);
			name = LaunchScreen.storyboard;
			sourceTree = "<group>";
		};
		6DEEC96A25F2874800355CB0 /* Main.storyboard */ = {
			isa = PBXVariantGroup;
			children = (
				6DEEC96B25F2874800355CB0 /* Base */,
			);
			name = Main.storyboard;
			sourceTree = "<group>";
		};
/* End PBXVariantGroup section */

/* Begin XCBuildConfiguration section */
		6DEEC94825F286E000355CB0 /* Debug */ = {
			isa = XCBuildConfiguration;
			buildSettings = {
				ALWAYS_SEARCH_USER_PATHS = NO;
				CLANG_ANALYZER_NONNULL = YES;
				CLANG_ANALYZER_NUMBER_OBJECT_CONVERSION = YES_AGGRESSIVE;
				CLANG_CXX_LANGUAGE_STANDARD = "gnu++14";
				CLANG_CXX_LIBRARY = "libc++";
				CLANG_ENABLE_MODULES = YES;
				CLANG_ENABLE_OBJC_ARC = YES;
				CLANG_ENABLE_OBJC_WEAK = YES;
				CLANG_WARN_BLOCK_CAPTURE_AUTORELEASING = YES;
				CLANG_WARN_BOOL_CONVERSION = YES;
				CLANG_WARN_COMMA = YES;
				CLANG_WARN_CONSTANT_CONVERSION = YES;
				CLANG_WARN_DEPRECATED_OBJC_IMPLEMENTATIONS = YES;
				CLANG_WARN_DIRECT_OBJC_ISA_USAGE = YES_ERROR;
				CLANG_WARN_DOCUMENTATION_COMMENTS = YES;
				CLANG_WARN_EMPTY_BODY = YES;
				CLANG_WARN_ENUM_CONVERSION = YES;
				CLANG_WARN_INFINITE_RECURSION = YES;
				CLANG_WARN_INT_CONVERSION = YES;
				CLANG_WARN_NON_LITERAL_NULL_CONVERSION = YES;
				CLANG_WARN_OBJC_IMPLICIT_RETAIN_SELF = YES;
				CLANG_WARN_OBJC_LITERAL_CONVERSION = YES;
				CLANG_WARN_OBJC_ROOT_CLASS = YES_ERROR;
				CLANG_WARN_QUOTED_INCLUDE_IN_FRAMEWORK_HEADER = YES;
				CLANG_WARN_RANGE_LOOP_ANALYSIS = YES;
				CLANG_WARN_STRICT_PROTOTYPES = YES;
				CLANG_WARN_SUSPICIOUS_MOVE = YES;
				CLANG_WARN_UNGUARDED_AVAILABILITY = YES_AGGRESSIVE;
				CLANG_WARN_UNREACHABLE_CODE = YES;
				CLANG_WARN__DUPLICATE_METHOD_MATCH = YES;
				COPY_PHASE_STRIP = NO;
				DEBUG_INFORMATION_FORMAT = dwarf;
				ENABLE_STRICT_OBJC_MSGSEND = YES;
				ENABLE_TESTABILITY = YES;
				GCC_C_LANGUAGE_STANDARD = gnu11;
				GCC_DYNAMIC_NO_PIC = NO;
				GCC_NO_COMMON_BLOCKS = YES;
				GCC_OPTIMIZATION_LEVEL = 0;
				GCC_PREPROCESSOR_DEFINITIONS = (
					"DEBUG=1",
					"$(inherited)",
				);
				GCC_WARN_64_TO_32_BIT_CONVERSION = YES;
				GCC_WARN_ABOUT_RETURN_TYPE = YES_ERROR;
				GCC_WARN_UNDECLARED_SELECTOR = YES;
				GCC_WARN_UNINITIALIZED_AUTOS = YES_AGGRESSIVE;
				GCC_WARN_UNUSED_FUNCTION = YES;
				GCC_WARN_UNUSED_VARIABLE = YES;
				IPHONEOS_DEPLOYMENT_TARGET = 12.1;
				MTL_ENABLE_DEBUG_INFO = INCLUDE_SOURCE;
				MTL_FAST_MATH = YES;
				ONLY_ACTIVE_ARCH = YES;
				SDKROOT = iphoneos;
				SWIFT_ACTIVE_COMPILATION_CONDITIONS = DEBUG;
				SWIFT_OPTIMIZATION_LEVEL = "-Onone";
			};
			name = Debug;
		};
		6DEEC94925F286E000355CB0 /* Release */ = {
			isa = XCBuildConfiguration;
			buildSettings = {
				ALWAYS_SEARCH_USER_PATHS = NO;
				CLANG_ANALYZER_NONNULL = YES;
				CLANG_ANALYZER_NUMBER_OBJECT_CONVERSION = YES_AGGRESSIVE;
				CLANG_CXX_LANGUAGE_STANDARD = "gnu++14";
				CLANG_CXX_LIBRARY = "libc++";
				CLANG_ENABLE_MODULES = YES;
				CLANG_ENABLE_OBJC_ARC = YES;
				CLANG_ENABLE_OBJC_WEAK = YES;
				CLANG_WARN_BLOCK_CAPTURE_AUTORELEASING = YES;
				CLANG_WARN_BOOL_CONVERSION = YES;
				CLANG_WARN_COMMA = YES;
				CLANG_WARN_CONSTANT_CONVERSION = YES;
				CLANG_WARN_DEPRECATED_OBJC_IMPLEMENTATIONS = YES;
				CLANG_WARN_DIRECT_OBJC_ISA_USAGE = YES_ERROR;
				CLANG_WARN_DOCUMENTATION_COMMENTS = YES;
				CLANG_WARN_EMPTY_BODY = YES;
				CLANG_WARN_ENUM_CONVERSION = YES;
				CLANG_WARN_INFINITE_RECURSION = YES;
				CLANG_WARN_INT_CONVERSION = YES;
				CLANG_WARN_NON_LITERAL_NULL_CONVERSION = YES;
				CLANG_WARN_OBJC_IMPLICIT_RETAIN_SELF = YES;
				CLANG_WARN_OBJC_LITERAL_CONVERSION = YES;
				CLANG_WARN_OBJC_ROOT_CLASS = YES_ERROR;
				CLANG_WARN_QUOTED_INCLUDE_IN_FRAMEWORK_HEADER = YES;
				CLANG_WARN_RANGE_LOOP_ANALYSIS = YES;
				CLANG_WARN_STRICT_PROTOTYPES = YES;
				CLANG_WARN_SUSPICIOUS_MOVE = YES;
				CLANG_WARN_UNGUARDED_AVAILABILITY = YES_AGGRESSIVE;
				CLANG_WARN_UNREACHABLE_CODE = YES;
				CLANG_WARN__DUPLICATE_METHOD_MATCH = YES;
				COPY_PHASE_STRIP = NO;
				DEBUG_INFORMATION_FORMAT = "dwarf-with-dsym";
				ENABLE_NS_ASSERTIONS = NO;
				ENABLE_STRICT_OBJC_MSGSEND = YES;
				GCC_C_LANGUAGE_STANDARD = gnu11;
				GCC_NO_COMMON_BLOCKS = YES;
				GCC_WARN_64_TO_32_BIT_CONVERSION = YES;
				GCC_WARN_ABOUT_RETURN_TYPE = YES_ERROR;
				GCC_WARN_UNDECLARED_SELECTOR = YES;
				GCC_WARN_UNINITIALIZED_AUTOS = YES_AGGRESSIVE;
				GCC_WARN_UNUSED_FUNCTION = YES;
				GCC_WARN_UNUSED_VARIABLE = YES;
				IPHONEOS_DEPLOYMENT_TARGET = 12.1;
				MTL_ENABLE_DEBUG_INFO = NO;
				MTL_FAST_MATH = YES;
				SDKROOT = iphoneos;
				SWIFT_COMPILATION_MODE = wholemodule;
				SWIFT_OPTIMIZATION_LEVEL = "-O";
				VALIDATE_PRODUCT = YES;
			};
			name = Release;
		};
		6DEEC94B25F286E000355CB0 /* Debug */ = {
			isa = XCBuildConfiguration;
			baseConfigurationReference = 161ED89D415B29F31ADA6CA7 /* Pods-GitHub.debug.xcconfig */;
			buildSettings = {
				ASSETCATALOG_COMPILER_APPICON_NAME = AppIcon;
				ASSETCATALOG_COMPILER_GLOBAL_ACCENT_COLOR_NAME = AccentColor;
				CODE_SIGN_STYLE = Automatic;
				DEVELOPMENT_TEAM = N4V5XQ7BWS;
				INFOPLIST_FILE = GitHub/Info.plist;
				IPHONEOS_DEPLOYMENT_TARGET = 12.1;
				LD_RUNPATH_SEARCH_PATHS = (
					"$(inherited)",
					"@executable_path/Frameworks",
				);
				PRODUCT_BUNDLE_IDENTIFIER = sample.code.GitHub;
				PRODUCT_NAME = "$(TARGET_NAME)";
				SWIFT_VERSION = 5.0;
				TARGETED_DEVICE_FAMILY = 1;
			};
			name = Debug;
		};
		6DEEC94C25F286E000355CB0 /* Release */ = {
			isa = XCBuildConfiguration;
			baseConfigurationReference = 7742F0ED1FD6BB5AB85F6271 /* Pods-GitHub.release.xcconfig */;
			buildSettings = {
				ASSETCATALOG_COMPILER_APPICON_NAME = AppIcon;
				ASSETCATALOG_COMPILER_GLOBAL_ACCENT_COLOR_NAME = AccentColor;
				CODE_SIGN_STYLE = Automatic;
				DEVELOPMENT_TEAM = N4V5XQ7BWS;
				INFOPLIST_FILE = GitHub/Info.plist;
				IPHONEOS_DEPLOYMENT_TARGET = 12.1;
				LD_RUNPATH_SEARCH_PATHS = (
					"$(inherited)",
					"@executable_path/Frameworks",
				);
				PRODUCT_BUNDLE_IDENTIFIER = sample.code.GitHub;
				PRODUCT_NAME = "$(TARGET_NAME)";
				SWIFT_VERSION = 5.0;
				TARGETED_DEVICE_FAMILY = 1;
			};
			name = Release;
		};
		6DEEC9BF25F3AC9E00355CB0 /* Debug */ = {
			isa = XCBuildConfiguration;
			baseConfigurationReference = 77C29934F395D35375EFDDC6 /* Pods-GitHubTests.debug.xcconfig */;
			buildSettings = {
				BUNDLE_LOADER = "$(TEST_HOST)";
				CODE_SIGN_STYLE = Automatic;
				DEVELOPMENT_TEAM = N4V5XQ7BWS;
				INFOPLIST_FILE = GitHubTests/Info.plist;
				LD_RUNPATH_SEARCH_PATHS = (
					"$(inherited)",
					"@executable_path/Frameworks",
					"@loader_path/Frameworks",
				);
				PRODUCT_BUNDLE_IDENTIFIER = sample.code.GitHubTests;
				PRODUCT_NAME = "$(TARGET_NAME)";
				SWIFT_VERSION = 5.0;
				TARGETED_DEVICE_FAMILY = "1,2";
				TEST_HOST = "$(BUILT_PRODUCTS_DIR)/GitHub.app/GitHub";
			};
			name = Debug;
		};
		6DEEC9C025F3AC9E00355CB0 /* Release */ = {
			isa = XCBuildConfiguration;
			baseConfigurationReference = B9598AA43638479BD2927929 /* Pods-GitHubTests.release.xcconfig */;
			buildSettings = {
				BUNDLE_LOADER = "$(TEST_HOST)";
				CODE_SIGN_STYLE = Automatic;
				DEVELOPMENT_TEAM = N4V5XQ7BWS;
				INFOPLIST_FILE = GitHubTests/Info.plist;
				LD_RUNPATH_SEARCH_PATHS = (
					"$(inherited)",
					"@executable_path/Frameworks",
					"@loader_path/Frameworks",
				);
				PRODUCT_BUNDLE_IDENTIFIER = sample.code.GitHubTests;
				PRODUCT_NAME = "$(TARGET_NAME)";
				SWIFT_VERSION = 5.0;
				TARGETED_DEVICE_FAMILY = "1,2";
				TEST_HOST = "$(BUILT_PRODUCTS_DIR)/GitHub.app/GitHub";
			};
			name = Release;
		};
/* End XCBuildConfiguration section */

/* Begin XCConfigurationList section */
		6DEEC93125F286DE00355CB0 /* Build configuration list for PBXProject "GitHub" */ = {
			isa = XCConfigurationList;
			buildConfigurations = (
				6DEEC94825F286E000355CB0 /* Debug */,
				6DEEC94925F286E000355CB0 /* Release */,
			);
			defaultConfigurationIsVisible = 0;
			defaultConfigurationName = Release;
		};
		6DEEC94A25F286E000355CB0 /* Build configuration list for PBXNativeTarget "GitHub" */ = {
			isa = XCConfigurationList;
			buildConfigurations = (
				6DEEC94B25F286E000355CB0 /* Debug */,
				6DEEC94C25F286E000355CB0 /* Release */,
			);
			defaultConfigurationIsVisible = 0;
			defaultConfigurationName = Release;
		};
		6DEEC9BE25F3AC9E00355CB0 /* Build configuration list for PBXNativeTarget "GitHubTests" */ = {
			isa = XCConfigurationList;
			buildConfigurations = (
				6DEEC9BF25F3AC9E00355CB0 /* Debug */,
				6DEEC9C025F3AC9E00355CB0 /* Release */,
			);
			defaultConfigurationIsVisible = 0;
			defaultConfigurationName = Release;
		};
/* End XCConfigurationList section */
	};
	rootObject = 6DEEC92E25F286DE00355CB0 /* Project object */;
}
